// !$*UTF8*$!
{
	archiveVersion = 1;
	classes = {
	};
	objectVersion = 46;
	objects = {

/* Begin PBXBuildFile section */
		3D31C4C81EC9BE5B009C3231 /* main.m in Sources */ = {isa = PBXBuildFile; fileRef = 3D31C4C71EC9BE5B009C3231 /* main.m */; };
		3D31C4CB1EC9BE5B009C3231 /* AppDelegate.m in Sources */ = {isa = PBXBuildFile; fileRef = 3D31C4CA1EC9BE5B009C3231 /* AppDelegate.m */; };
		3D31C4D31EC9BE5B009C3231 /* Assets.xcassets in Resources */ = {isa = PBXBuildFile; fileRef = 3D31C4D21EC9BE5B009C3231 /* Assets.xcassets */; };
		3D31C4D61EC9BE5B009C3231 /* LaunchScreen.storyboard in Resources */ = {isa = PBXBuildFile; fileRef = 3D31C4D41EC9BE5B009C3231 /* LaunchScreen.storyboard */; };
		3D31C4E41EC9C0F4009C3231 /* News.storyboard in Resources */ = {isa = PBXBuildFile; fileRef = 3D31C4E31EC9C0F4009C3231 /* News.storyboard */; };
		3D31C4E71EC9C115009C3231 /* NewsTableViewController.m in Sources */ = {isa = PBXBuildFile; fileRef = 3D31C4E61EC9C115009C3231 /* NewsTableViewController.m */; };
/* End PBXBuildFile section */

/* Begin PBXFileReference section */
		3D31C4C31EC9BE5B009C3231 /* WYNews.app */ = {isa = PBXFileReference; explicitFileType = wrapper.application; includeInIndex = 0; path = WYNews.app; sourceTree = BUILT_PRODUCTS_DIR; };
		3D31C4C71EC9BE5B009C3231 /* main.m */ = {isa = PBXFileReference; lastKnownFileType = sourcecode.c.objc; path = main.m; sourceTree = "<group>"; };
		3D31C4C91EC9BE5B009C3231 /* AppDelegate.h */ = {isa = PBXFileReference; lastKnownFileType = sourcecode.c.h; path = AppDelegate.h; sourceTree = "<group>"; };
		3D31C4CA1EC9BE5B009C3231 /* AppDelegate.m */ = {isa = PBXFileReference; lastKnownFileType = sourcecode.c.objc; path = AppDelegate.m; sourceTree = "<group>"; };
		3D31C4D21EC9BE5B009C3231 /* Assets.xcassets */ = {isa = PBXFileReference; lastKnownFileType = folder.assetcatalog; path = Assets.xcassets; sourceTree = "<group>"; };
		3D31C4D51EC9BE5B009C3231 /* Base */ = {isa = PBXFileReference; lastKnownFileType = file.storyboard; name = Base; path = Base.lproj/LaunchScreen.storyboard; sourceTree = "<group>"; };
		3D31C4D71EC9BE5B009C3231 /* Info.plist */ = {isa = PBXFileReference; lastKnownFileType = text.plist.xml; path = Info.plist; sourceTree = "<group>"; };
		3D31C4E31EC9C0F4009C3231 /* News.storyboard */ = {isa = PBXFileReference; fileEncoding = 4; lastKnownFileType = file.storyboard; path = News.storyboard; sourceTree = "<group>"; };
		3D31C4E51EC9C115009C3231 /* NewsTableViewController.h */ = {isa = PBXFileReference; fileEncoding = 4; lastKnownFileType = sourcecode.c.h; path = NewsTableViewController.h; sourceTree = "<group>"; };
		3D31C4E61EC9C115009C3231 /* NewsTableViewController.m */ = {isa = PBXFileReference; fileEncoding = 4; lastKnownFileType = sourcecode.c.objc; path = NewsTableViewController.m; sourceTree = "<group>"; };
/* End PBXFileReference section */

/* Begin PBXFrameworksBuildPhase section */
		3D31C4C01EC9BE5B009C3231 /* Frameworks */ = {
			isa = PBXFrameworksBuildPhase;
			buildActionMask = 2147483647;
			files = (
			);
			runOnlyForDeploymentPostprocessing = 0;
		};
/* End PBXFrameworksBuildPhase section */

/* Begin PBXGroup section */
		3D31C4BA1EC9BE5B009C3231 = {
			isa = PBXGroup;
			children = (
				3D31C4C51EC9BE5B009C3231 /* WYNews */,
				3D31C4C41EC9BE5B009C3231 /* Products */,
			);
			sourceTree = "<group>";
		};
		3D31C4C41EC9BE5B009C3231 /* Products */ = {
			isa = PBXGroup;
			children = (
				3D31C4C31EC9BE5B009C3231 /* WYNews.app */,
			);
			name = Products;
			sourceTree = "<group>";
		};
		3D31C4C51EC9BE5B009C3231 /* WYNews */ = {
			isa = PBXGroup;
			children = (
				3D31C4C91EC9BE5B009C3231 /* AppDelegate.h */,
				3D31C4CA1EC9BE5B009C3231 /* AppDelegate.m */,
				3D31C4DD1EC9C0C0009C3231 /* Classes */,
				3D31C4D21EC9BE5B009C3231 /* Assets.xcassets */,
				3D31C4D41EC9BE5B009C3231 /* LaunchScreen.storyboard */,
				3D31C4D71EC9BE5B009C3231 /* Info.plist */,
				3D31C4C61EC9BE5B009C3231 /* Supporting Files */,
			);
			path = WYNews;
			sourceTree = "<group>";
		};
		3D31C4C61EC9BE5B009C3231 /* Supporting Files */ = {
			isa = PBXGroup;
			children = (
				3D31C4C71EC9BE5B009C3231 /* main.m */,
			);
			name = "Supporting Files";
			sourceTree = "<group>";
		};
		3D31C4DD1EC9C0C0009C3231 /* Classes */ = {
			isa = PBXGroup;
			children = (
				3D31C4DE1EC9C0C0009C3231 /* News */,
				3D31C4E21EC9C0C0009C3231 /* Tools */,
			);
			path = Classes;
			sourceTree = "<group>";
		};
		3D31C4DE1EC9C0C0009C3231 /* News */ = {
			isa = PBXGroup;
			children = (
				3D31C4DF1EC9C0C0009C3231 /* Controllers */,
				3D31C4E01EC9C0C0009C3231 /* Models */,
				3D31C4E11EC9C0C0009C3231 /* Views */,
			);
			path = News;
			sourceTree = "<group>";
		};
		3D31C4DF1EC9C0C0009C3231 /* Controllers */ = {
			isa = PBXGroup;
			children = (
				3D31C4E31EC9C0F4009C3231 /* News.storyboard */,
				3D31C4E51EC9C115009C3231 /* NewsTableViewController.h */,
				3D31C4E61EC9C115009C3231 /* NewsTableViewController.m */,
			);
			path = Controllers;
			sourceTree = "<group>";
		};
		3D31C4E01EC9C0C0009C3231 /* Models */ = {
			isa = PBXGroup;
			children = (
			);
			path = Models;
			sourceTree = "<group>";
		};
		3D31C4E11EC9C0C0009C3231 /* Views */ = {
			isa = PBXGroup;
			children = (
			);
			path = Views;
			sourceTree = "<group>";
		};
		3D31C4E21EC9C0C0009C3231 /* Tools */ = {
			isa = PBXGroup;
			children = (
			);
			path = Tools;
			sourceTree = "<group>";
		};
/* End PBXGroup section */

/* Begin PBXNativeTarget section */
		3D31C4C21EC9BE5B009C3231 /* WYNews */ = {
			isa = PBXNativeTarget;
			buildConfigurationList = 3D31C4DA1EC9BE5B009C3231 /* Build configuration list for PBXNativeTarget "WYNews" */;
			buildPhases = (
				3D31C4BF1EC9BE5B009C3231 /* Sources */,
				3D31C4C01EC9BE5B009C3231 /* Frameworks */,
				3D31C4C11EC9BE5B009C3231 /* Resources */,
			);
			buildRules = (
			);
			dependencies = (
			);
			name = WYNews;
			productName = WYNews;
			productReference = 3D31C4C31EC9BE5B009C3231 /* WYNews.app */;
			productType = "com.apple.product-type.application";
		};
/* End PBXNativeTarget section */

/* Begin PBXProject section */
		3D31C4BB1EC9BE5B009C3231 /* Project object */ = {
			isa = PBXProject;
			attributes = {
				LastUpgradeCheck = 0810;
				ORGANIZATIONNAME = haoge;
				TargetAttributes = {
					3D31C4C21EC9BE5B009C3231 = {
						CreatedOnToolsVersion = 8.1;
						ProvisioningStyle = Automatic;
					};
				};
			};
			buildConfigurationList = 3D31C4BE1EC9BE5B009C3231 /* Build configuration list for PBXProject "WYNews" */;
			compatibilityVersion = "Xcode 3.2";
			developmentRegion = English;
			hasScannedForEncodings = 0;
			knownRegions = (
				en,
				Base,
			);
			mainGroup = 3D31C4BA1EC9BE5B009C3231;
			productRefGroup = 3D31C4C41EC9BE5B009C3231 /* Products */;
			projectDirPath = "";
			projectRoot = "";
			targets = (
				3D31C4C21EC9BE5B009C3231 /* WYNews */,
			);
		};
/* End PBXProject section */

/* Begin PBXResourcesBuildPhase section */
		3D31C4C11EC9BE5B009C3231 /* Resources */ = {
			isa = PBXResourcesBuildPhase;
			buildActionMask = 2147483647;
			files = (
				3D31C4D61EC9BE5B009C3231 /* LaunchScreen.storyboard in Resources */,
				3D31C4E41EC9C0F4009C3231 /* News.storyboard in Resources */,
				3D31C4D31EC9BE5B009C3231 /* Assets.xcassets in Resources */,
			);
			runOnlyForDeploymentPostprocessing = 0;
		};
/* End PBXResourcesBuildPhase section */

/* Begin PBXSourcesBuildPhase section */
		3D31C4BF1EC9BE5B009C3231 /* Sources */ = {
			isa = PBXSourcesBuildPhase;
			buildActionMask = 2147483647;
			files = (
				3D31C4E71EC9C115009C3231 /* NewsTableViewController.m in Sources */,
				3D31C4CB1EC9BE5B009C3231 /* AppDelegate.m in Sources */,
				3D31C4C81EC9BE5B009C3231 /* main.m in Sources */,
			);
			runOnlyForDeploymentPostprocessing = 0;
		};
/* End PBXSourcesBuildPhase section */

/* Begin PBXVariantGroup section */
		3D31C4D41EC9BE5B009C3231 /* LaunchScreen.storyboard */ = {
			isa = PBXVariantGroup;
			children = (
				3D31C4D51EC9BE5B009C3231 /* Base */,
			);
			name = LaunchScreen.storyboard;
			sourceTree = "<group>";
		};
/* End PBXVariantGroup section */

/* Begin XCBuildConfiguration section */
		3D31C4D81EC9BE5B009C3231 /* Debug */ = {
			isa = XCBuildConfiguration;
			buildSettings = {
				ALWAYS_SEARCH_USER_PATHS = NO;
				CLANG_ANALYZER_NONNULL = YES;
				CLANG_CXX_LANGUAGE_STANDARD = "gnu++0x";
				CLANG_CXX_LIBRARY = "libc++";
				CLANG_ENABLE_MODULES = YES;
				CLANG_ENABLE_OBJC_ARC = YES;
				CLANG_WARN_BOOL_CONVERSION = YES;
				CLANG_WARN_CONSTANT_CONVERSION = YES;
				CLANG_WARN_DIRECT_OBJC_ISA_USAGE = YES_ERROR;
				CLANG_WARN_DOCUMENTATION_COMMENTS = YES;
				CLANG_WARN_EMPTY_BODY = YES;
				CLANG_WARN_ENUM_CONVERSION = YES;
				CLANG_WARN_INFINITE_RECURSION = YES;
				CLANG_WARN_INT_CONVERSION = YES;
				CLANG_WARN_OBJC_ROOT_CLASS = YES_ERROR;
				CLANG_WARN_SUSPICIOUS_MOVES = YES;
				CLANG_WARN_UNREACHABLE_CODE = YES;
				CLANG_WARN__DUPLICATE_METHOD_MATCH = YES;
				"CODE_SIGN_IDENTITY[sdk=iphoneos*]" = "iPhone Developer";
				COPY_PHASE_STRIP = NO;
				DEBUG_INFORMATION_FORMAT = dwarf;
				ENABLE_STRICT_OBJC_MSGSEND = YES;
				ENABLE_TESTABILITY = YES;
				GCC_C_LANGUAGE_STANDARD = gnu99;
				GCC_DYNAMIC_NO_PIC = NO;
				GCC_NO_COMMON_BLOCKS = YES;
				GCC_OPTIMIZATION_LEVEL = 0;
				GCC_PREPROCESSOR_DEFINITIONS = (
					"DEBUG=1",
					"$(inherited)",
				);
				GCC_WARN_64_TO_32_BIT_CONVERSION = YES;
				GCC_WARN_ABOUT_RETURN_TYPE = YES_ERROR;
				GCC_WARN_UNDECLARED_SELECTOR = YES;
				GCC_WARN_UNINITIALIZED_AUTOS = YES_AGGRESSIVE;
				GCC_WARN_UNUSED_FUNCTION = YES;
				GCC_WARN_UNUSED_VARIABLE = YES;
				IPHONEOS_DEPLOYMENT_TARGET = 10.1;
				MTL_ENABLE_DEBUG_INFO = YES;
				ONLY_ACTIVE_ARCH = YES;
				SDKROOT = iphoneos;
				TARGETED_DEVICE_FAMILY = "1,2";
			};
			name = Debug;
		};
		3D31C4D91EC9BE5B009C3231 /* Release */ = {
			isa = XCBuildConfiguration;
			buildSettings = {
				ALWAYS_SEARCH_USER_PATHS = NO;
				CLANG_ANALYZER_NONNULL = YES;
				CLANG_CXX_LANGUAGE_STANDARD = "gnu++0x";
				CLANG_CXX_LIBRARY = "libc++";
				CLANG_ENABLE_MODULES = YES;
				CLANG_ENABLE_OBJC_ARC = YES;
				CLANG_WARN_BOOL_CONVERSION = YES;
				CLANG_WARN_CONSTANT_CONVERSION = YES;
				CLANG_WARN_DIRECT_OBJC_ISA_USAGE = YES_ERROR;
				CLANG_WARN_DOCUMENTATION_COMMENTS = YES;
				CLANG_WARN_EMPTY_BODY = YES;
				CLANG_WARN_ENUM_CONVERSION = YES;
				CLANG_WARN_INFINITE_RECURSION = YES;
				CLANG_WARN_INT_CONVERSION = YES;
				CLANG_WARN_OBJC_ROOT_CLASS = YES_ERROR;
				CLANG_WARN_SUSPICIOUS_MOVES = YES;
				CLANG_WARN_UNREACHABLE_CODE = YES;
				CLANG_WARN__DUPLICATE_METHOD_MATCH = YES;
				"CODE_SIGN_IDENTITY[sdk=iphoneos*]" = "iPhone Developer";
				COPY_PHASE_STRIP = NO;
				DEBUG_INFORMATION_FORMAT = "dwarf-with-dsym";
				ENABLE_NS_ASSERTIONS = NO;
				ENABLE_STRICT_OBJC_MSGSEND = YES;
				GCC_C_LANGUAGE_STANDARD = gnu99;
				GCC_NO_COMMON_BLOCKS = YES;
				GCC_WARN_64_TO_32_BIT_CONVERSION = YES;
				GCC_WARN_ABOUT_RETURN_TYPE = YES_ERROR;
				GCC_WARN_UNDECLARED_SELECTOR = YES;
				GCC_WARN_UNINITIALIZED_AUTOS = YES_AGGRESSIVE;
				GCC_WARN_UNUSED_FUNCTION = YES;
				GCC_WARN_UNUSED_VARIABLE = YES;
				IPHONEOS_DEPLOYMENT_TARGET = 10.1;
				MTL_ENABLE_DEBUG_INFO = NO;
				SDKROOT = iphoneos;
				TARGETED_DEVICE_FAMILY = "1,2";
				VALIDATE_PRODUCT = YES;
			};
			name = Release;
		};
		3D31C4DB1EC9BE5B009C3231 /* Debug */ = {
			isa = XCBuildConfiguration;
			buildSettings = {
				ASSETCATALOG_COMPILER_APPICON_NAME = AppIcon;
				INFOPLIST_FILE = WYNews/Info.plist;
				LD_RUNPATH_SEARCH_PATHS = "$(inherited) @executable_path/Frameworks";
				PRODUCT_BUNDLE_IDENTIFIER = cn.study.WYNews;
				PRODUCT_NAME = "$(TARGET_NAME)";
			};
			name = Debug;
		};
		3D31C4DC1EC9BE5B009C3231 /* Release */ = {
			isa = XCBuildConfiguration;
			buildSettings = {
				ASSETCATALOG_COMPILER_APPICON_NAME = AppIcon;
				INFOPLIST_FILE = WYNews/Info.plist;
				LD_RUNPATH_SEARCH_PATHS = "$(inherited) @executable_path/Frameworks";
				PRODUCT_BUNDLE_IDENTIFIER = cn.study.WYNews;
				PRODUCT_NAME = "$(TARGET_NAME)";
			};
			name = Release;
		};
/* End XCBuildConfiguration section */

/* Begin XCConfigurationList section */
		3D31C4BE1EC9BE5B009C3231 /* Build configuration list for PBXProject "WYNews" */ = {
			isa = XCConfigurationList;
			buildConfigurations = (
				3D31C4D81EC9BE5B009C3231 /* Debug */,
				3D31C4D91EC9BE5B009C3231 /* Release */,
			);
			defaultConfigurationIsVisible = 0;
			defaultConfigurationName = Release;
		};
		3D31C4DA1EC9BE5B009C3231 /* Build configuration list for PBXNativeTarget "WYNews" */ = {
			isa = XCConfigurationList;
			buildConfigurations = (
				3D31C4DB1EC9BE5B009C3231 /* Debug */,
				3D31C4DC1EC9BE5B009C3231 /* Release */,
			);
			defaultConfigurationIsVisible = 0;
			defaultConfigurationName = Release;
		};
/* End XCConfigurationList section */
	};
	rootObject = 3D31C4BB1EC9BE5B009C3231 /* Project object */;
}
